{
  "name": "dotnet-user-secrets",
  "version": "0.1.0",
  "lockfileVersion": 3,
  "requires": true,
  "packages": {
    "": {
      "name": "dotnet-user-secrets",
      "version": "0.1.0",
      "dependencies": {
        "xml2js": "^0.6.2"
      },
      "devDependencies": {
        "@types/node": "^24.x",
        "@types/vscode": "^1.104.0",
        "@types/xml2js": "^0.4.14",
        "oxlint": "^1.19.0",
        "prettier": "^3.6.2",
        "typescript": "^5.9.2"
      },
      "engines": {
        "vscode": "^1.80.0"
      }
    },
    "node_modules/@oxlint/darwin-arm64": {
      "version": "1.19.0",
      "resolved": "https://registry.npmjs.org/@oxlint/darwin-arm64/-/darwin-arm64-1.19.0.tgz",
      "integrity": "sha512-dSozp6FXowhFEjmT0FC/iBWj9KziWfixxaYT367kOXZUyA0hvOzsLsBB780Swr40zvqklUR0d3fbZbziGHRJoQ==",
      "cpu": [
        "arm64"
      ],
      "dev": true,
      "license": "MIT",
      "optional": true,
      "os": [
        "darwin"
      ]
    },
    "node_modules/@oxlint/darwin-x64": {
      "version": "1.19.0",
      "resolved": "https://registry.npmjs.org/@oxlint/darwin-x64/-/darwin-x64-1.19.0.tgz",
      "integrity": "sha512-3OY1km70zTlH6b8K8AHSuaEaa4sntmAcBugMZBaJmHkioia7zxlAQV9xtQ2wsBSDQbBmcf1j5Y0NcHP7fmIZvA==",
      "cpu": [
        "x64"
      ],
      "dev": true,
      "license": "MIT",
      "optional": true,
      "os": [
        "darwin"
      ]
    },
    "node_modules/@oxlint/linux-arm64-gnu": {
      "version": "1.19.0",
      "resolved": "https://registry.npmjs.org/@oxlint/linux-arm64-gnu/-/linux-arm64-gnu-1.19.0.tgz",
      "integrity": "sha512-TS9wmx9B/v1f/bNXu3lIEcdNIyS0m0H0+95YIWSTGG3q2cK3FVlyUiiAieZRUzXTN89n6JXtua6dK/TVCqbmkQ==",
      "cpu": [
        "arm64"
      ],
      "dev": true,
      "license": "MIT",
      "optional": true,
      "os": [
        "linux"
      ]
    },
    "node_modules/@oxlint/linux-arm64-musl": {
      "version": "1.19.0",
      "resolved": "https://registry.npmjs.org/@oxlint/linux-arm64-musl/-/linux-arm64-musl-1.19.0.tgz",
      "integrity": "sha512-o5RAxQfVEu7LsBUwSjEDNdM8sla8WlLMRULsTP3vgxyy1eLJxo2u+4McKtM9/P2KiZQw3NylDoaxU4Z4j/XeRQ==",
      "cpu": [
        "arm64"
      ],
      "dev": true,
      "license": "MIT",
      "optional": true,
      "os": [
        "linux"
      ]
    },
    "node_modules/@oxlint/linux-x64-gnu": {
      "version": "1.19.0",
      "resolved": "https://registry.npmjs.org/@oxlint/linux-x64-gnu/-/linux-x64-gnu-1.19.0.tgz",
      "integrity": "sha512-QDgAP4TxXsupFEsEGYnaAaKXQQD1lJSi5Htl/b0Vl2xPz8BVBRH+bNDwVGEHVTxT7jdnO2gTEOmfEzOkRJprUQ==",
      "cpu": [
        "x64"
      ],
      "dev": true,
      "license": "MIT",
      "optional": true,
      "os": [
        "linux"
      ]
    },
    "node_modules/@oxlint/linux-x64-musl": {
      "version": "1.19.0",
      "resolved": "https://registry.npmjs.org/@oxlint/linux-x64-musl/-/linux-x64-musl-1.19.0.tgz",
      "integrity": "sha512-iOQooyYzy7RR2yHNM8oHd2Zw6CdU7/G2Uf5ryFi/cF5NV5zlSH//QSkWwrk/kLF69wKqwE8S8snV7WnRA/tXjA==",
      "cpu": [
        "x64"
      ],
      "dev": true,
      "license": "MIT",
      "optional": true,
      "os": [
        "linux"
      ]
    },
    "node_modules/@oxlint/win32-arm64": {
      "version": "1.19.0",
      "resolved": "https://registry.npmjs.org/@oxlint/win32-arm64/-/win32-arm64-1.19.0.tgz",
      "integrity": "sha512-bvgA2fGpdBF/DpB5hZYQzx5fFFiiHxIiPF5zp24czvsIRkezVi9ZH04lCIVkMBxgvKhnU2jLXAn6E1Mbo4QrFw==",
      "cpu": [
        "arm64"
      ],
      "dev": true,
      "license": "MIT",
      "optional": true,
      "os": [
        "win32"
      ]
    },
    "node_modules/@oxlint/win32-x64": {
      "version": "1.19.0",
      "resolved": "https://registry.npmjs.org/@oxlint/win32-x64/-/win32-x64-1.19.0.tgz",
      "integrity": "sha512-PloVn/e1kfMsiH0urM4XIhiY0TdqDjwJlzeX8pIKDmxUsKHsjcU8fmddsZSt7K16C2nR3SQVoso2AIR00mRieA==",
      "cpu": [
        "x64"
      ],
      "dev": true,
      "license": "MIT",
      "optional": true,
      "os": [
        "win32"
      ]
    },
    "node_modules/@types/node": {
      "version": "24.6.0",
      "resolved": "https://registry.npmjs.org/@types/node/-/node-24.6.0.tgz",
      "integrity": "sha512-F1CBxgqwOMc4GKJ7eY22hWhBVQuMYTtqI8L0FcszYcpYX0fzfDGpez22Xau8Mgm7O9fI+zA/TYIdq3tGWfweBA==",
      "dev": true,
      "license": "MIT",
      "dependencies": {
        "undici-types": "~7.13.0"
      }
    },
    "node_modules/@types/vscode": {
      "version": "1.104.0",
      "resolved": "https://registry.npmjs.org/@types/vscode/-/vscode-1.104.0.tgz",
      "integrity": "sha512-0KwoU2rZ2ecsTGFxo4K1+f+AErRsYW0fsp6A0zufzGuhyczc2IoKqYqcwXidKXmy2u8YB2GsYsOtiI9Izx3Tig==",
      "dev": true,
      "license": "MIT"
    },
    "node_modules/@types/xml2js": {
      "version": "0.4.14",
      "resolved": "https://registry.npmjs.org/@types/xml2js/-/xml2js-0.4.14.tgz",
      "integrity": "sha512-4YnrRemBShWRO2QjvUin8ESA41rH+9nQGLUGZV/1IDhi3SL9OhdpNC/MrulTWuptXKwhx/aDxE7toV0f/ypIXQ==",
      "dev": true,
      "license": "MIT",
      "dependencies": {
        "@types/node": "*"
      }
    },
    "node_modules/oxlint": {
      "version": "1.19.0",
      "resolved": "https://registry.npmjs.org/oxlint/-/oxlint-1.19.0.tgz",
      "integrity": "sha512-MGeclRJFKaROXcPKMHOuJpOhbC4qkbLeZqSlelQioV/5YeBk/qVYZafUUpVO/yQ28Pld3srsTQusFtPNkVuvNA==",
      "dev": true,
      "license": "MIT",
      "bin": {
        "oxc_language_server": "bin/oxc_language_server",
        "oxlint": "bin/oxlint"
      },
      "engines": {
        "node": "^20.19.0 || >=22.12.0"
      },
      "funding": {
        "url": "https://github.com/sponsors/Boshen"
      },
      "optionalDependencies": {
        "@oxlint/darwin-arm64": "1.19.0",
        "@oxlint/darwin-x64": "1.19.0",
        "@oxlint/linux-arm64-gnu": "1.19.0",
        "@oxlint/linux-arm64-musl": "1.19.0",
        "@oxlint/linux-x64-gnu": "1.19.0",
        "@oxlint/linux-x64-musl": "1.19.0",
        "@oxlint/win32-arm64": "1.19.0",
        "@oxlint/win32-x64": "1.19.0"
      },
      "peerDependencies": {
        "oxlint-tsgolint": ">=0.2.0"
      },
      "peerDependenciesMeta": {
        "oxlint-tsgolint": {
          "optional": true
        }
      }
    },
    "node_modules/prettier": {
      "version": "3.6.2",
      "resolved": "https://registry.npmjs.org/prettier/-/prettier-3.6.2.tgz",
      "integrity": "sha512-I7AIg5boAr5R0FFtJ6rCfD+LFsWHp81dolrFD8S79U9tb8Az2nGrJncnMSnys+bpQJfRUzqs9hnA81OAA3hCuQ==",
      "dev": true,
      "license": "MIT",
      "bin": {
        "prettier": "bin/prettier.cjs"
      },
      "engines": {
        "node": ">=14"
      },
      "funding": {
        "url": "https://github.com/prettier/prettier?sponsor=1"
      }
    },
    "node_modules/sax": {
      "version": "1.4.1",
      "resolved": "https://registry.npmjs.org/sax/-/sax-1.4.1.tgz",
      "integrity": "sha512-+aWOz7yVScEGoKNd4PA10LZ8sk0A/z5+nXQG5giUO5rprX9jgYsTdov9qCchZiPIZezbZH+jRut8nPodFAX4Jg==",
      "license": "ISC"
    },
    "node_modules/typescript": {
      "version": "5.9.2",
      "resolved": "https://registry.npmjs.org/typescript/-/typescript-5.9.2.tgz",
      "integrity": "sha512-CWBzXQrc/qOkhidw1OzBTQuYRbfyxDXJMVJ1XNwUHGROVmuaeiEm3OslpZ1RV96d7SKKjZKrSJu3+t/xlw3R9A==",
      "dev": true,
      "license": "Apache-2.0",
      "bin": {
        "tsc": "bin/tsc",
        "tsserver": "bin/tsserver"
      },
      "engines": {
        "node": ">=14.17"
      }
    },
    "node_modules/undici-types": {
      "version": "7.13.0",
      "resolved": "https://registry.npmjs.org/undici-types/-/undici-types-7.13.0.tgz",
      "integrity": "sha512-Ov2Rr9Sx+fRgagJ5AX0qvItZG/JKKoBRAVITs1zk7IqZGTJUwgUr7qoYBpWwakpWilTZFM98rG/AFRocu10iIQ==",
      "dev": true,
      "license": "MIT"
    },
    "node_modules/xml2js": {
      "version": "0.6.2",
      "resolved": "https://registry.npmjs.org/xml2js/-/xml2js-0.6.2.tgz",
      "integrity": "sha512-T4rieHaC1EXcES0Kxxj4JWgaUQHDk+qwHcYOCFHfiwKz7tOVPLq7Hjq9dM1WCMhylqMEfP7hMcOIChvotiZegA==",
      "license": "MIT",
      "dependencies": {
        "sax": ">=0.6.0",
        "xmlbuilder": "~11.0.0"
      },
      "engines": {
        "node": ">=4.0.0"
      }
    },
    "node_modules/xmlbuilder": {
      "version": "11.0.1",
      "resolved": "https://registry.npmjs.org/xmlbuilder/-/xmlbuilder-11.0.1.tgz",
      "integrity": "sha512-fDlsI/kFEx7gLvbecc0/ohLG50fugQp8ryHzMTuW9vSa1GJ0XYWKnhsUx7oie3G98+r56aTQIUB4kht42R3JvA==",
      "license": "MIT",
      "engines": {
        "node": ">=4.0"
      }
    }
  }
}
